
Microsoft Visual Studio Solution File, Format Version 12.00
# Visual Studio 15
VisualStudioVersion = 15.0.26124.0
MinimumVisualStudioVersion = 15.0.26124.0
Project("{F2A71F9B-5D33-465A-A702-920D77279786}") = "BindIntroduction", "BindIntroduction\BindIntroduction.fsproj", "{EF2255BB-9E1C-431D-985C-3B33CDB1BBDC}"
EndProject
Project("{F2A71F9B-5D33-465A-A702-920D77279786}") = "Serialization", "Serialization\Serialization.fsproj", "{67FA9E76-EC02-4566-9DC1-553BE412279B}"
EndProject
Project("{F2A71F9B-5D33-465A-A702-920D77279786}") = "Scratchpad", "Scratchpad\Scratchpad.fsproj", "{19A1A95B-18ED-40D2-B711-B917CBFF00D2}"
EndProject
Project("{F2A71F9B-5D33-465A-A702-920D77279786}") = "Turtle", "Turtle\Turtle.fsproj", "{B296D84B-63D6-4D72-A6F4-A166F37F5546}"
EndProject
Project("{F2A71F9B-5D33-465A-A702-920D77279786}") = "ComputationExpressions", "ComputationExpressions\ComputationExpressions.fsproj", "{5B502E7A-78F0-4472-9464-155F2730FDB0}"
EndProject
Project("{F2A71F9B-5D33-465A-A702-920D77279786}") = "Olo", "Olo\Olo.fsproj", "{8D292365-BE67-4C42-BB4F-5AC407E15B42}"
EndProject
Global
	GlobalSection(SolutionConfigurationPlatforms) = preSolution
		Debug|Any CPU = Debug|Any CPU
		Debug|x64 = Debug|x64
		Debug|x86 = Debug|x86
		Release|Any CPU = Release|Any CPU
		Release|x64 = Release|x64
		Release|x86 = Release|x86
	EndGlobalSection
	GlobalSection(SolutionProperties) = preSolution
		HideSolutionNode = FALSE
	EndGlobalSection
	GlobalSection(ProjectConfigurationPlatforms) = postSolution
		{EF2255BB-9E1C-431D-985C-3B33CDB1BBDC}.Debug|Any CPU.ActiveCfg = Debug|Any CPU
		{EF2255BB-9E1C-431D-985C-3B33CDB1BBDC}.Debug|Any CPU.Build.0 = Debug|Any CPU
		{EF2255BB-9E1C-431D-985C-3B33CDB1BBDC}.Debug|x64.ActiveCfg = Debug|Any CPU
		{EF2255BB-9E1C-431D-985C-3B33CDB1BBDC}.Debug|x64.Build.0 = Debug|Any CPU
		{EF2255BB-9E1C-431D-985C-3B33CDB1BBDC}.Debug|x86.ActiveCfg = Debug|Any CPU
		{EF2255BB-9E1C-431D-985C-3B33CDB1BBDC}.Debug|x86.Build.0 = Debug|Any CPU
		{EF2255BB-9E1C-431D-985C-3B33CDB1BBDC}.Release|Any CPU.ActiveCfg = Release|Any CPU
		{EF2255BB-9E1C-431D-985C-3B33CDB1BBDC}.Release|Any CPU.Build.0 = Release|Any CPU
		{EF2255BB-9E1C-431D-985C-3B33CDB1BBDC}.Release|x64.ActiveCfg = Release|Any CPU
		{EF2255BB-9E1C-431D-985C-3B33CDB1BBDC}.Release|x64.Build.0 = Release|Any CPU
		{EF2255BB-9E1C-431D-985C-3B33CDB1BBDC}.Release|x86.ActiveCfg = Release|Any CPU
		{EF2255BB-9E1C-431D-985C-3B33CDB1BBDC}.Release|x86.Build.0 = Release|Any CPU
		{67FA9E76-EC02-4566-9DC1-553BE412279B}.Debug|Any CPU.ActiveCfg = Debug|Any CPU
		{67FA9E76-EC02-4566-9DC1-553BE412279B}.Debug|Any CPU.Build.0 = Debug|Any CPU
		{67FA9E76-EC02-4566-9DC1-553BE412279B}.Debug|x64.ActiveCfg = Debug|Any CPU
		{67FA9E76-EC02-4566-9DC1-553BE412279B}.Debug|x64.Build.0 = Debug|Any CPU
		{67FA9E76-EC02-4566-9DC1-553BE412279B}.Debug|x86.ActiveCfg = Debug|Any CPU
		{67FA9E76-EC02-4566-9DC1-553BE412279B}.Debug|x86.Build.0 = Debug|Any CPU
		{67FA9E76-EC02-4566-9DC1-553BE412279B}.Release|Any CPU.ActiveCfg = Release|Any CPU
		{67FA9E76-EC02-4566-9DC1-553BE412279B}.Release|Any CPU.Build.0 = Release|Any CPU
		{67FA9E76-EC02-4566-9DC1-553BE412279B}.Release|x64.ActiveCfg = Release|Any CPU
		{67FA9E76-EC02-4566-9DC1-553BE412279B}.Release|x64.Build.0 = Release|Any CPU
		{67FA9E76-EC02-4566-9DC1-553BE412279B}.Release|x86.ActiveCfg = Release|Any CPU
		{67FA9E76-EC02-4566-9DC1-553BE412279B}.Release|x86.Build.0 = Release|Any CPU
		{19A1A95B-18ED-40D2-B711-B917CBFF00D2}.Debug|Any CPU.ActiveCfg = Debug|Any CPU
		{19A1A95B-18ED-40D2-B711-B917CBFF00D2}.Debug|Any CPU.Build.0 = Debug|Any CPU
		{19A1A95B-18ED-40D2-B711-B917CBFF00D2}.Debug|x64.ActiveCfg = Debug|Any CPU
		{19A1A95B-18ED-40D2-B711-B917CBFF00D2}.Debug|x64.Build.0 = Debug|Any CPU
		{19A1A95B-18ED-40D2-B711-B917CBFF00D2}.Debug|x86.ActiveCfg = Debug|Any CPU
		{19A1A95B-18ED-40D2-B711-B917CBFF00D2}.Debug|x86.Build.0 = Debug|Any CPU
		{19A1A95B-18ED-40D2-B711-B917CBFF00D2}.Release|Any CPU.ActiveCfg = Release|Any CPU
		{19A1A95B-18ED-40D2-B711-B917CBFF00D2}.Release|Any CPU.Build.0 = Release|Any CPU
		{19A1A95B-18ED-40D2-B711-B917CBFF00D2}.Release|x64.ActiveCfg = Release|Any CPU
		{19A1A95B-18ED-40D2-B711-B917CBFF00D2}.Release|x64.Build.0 = Release|Any CPU
		{19A1A95B-18ED-40D2-B711-B917CBFF00D2}.Release|x86.ActiveCfg = Release|Any CPU
		{19A1A95B-18ED-40D2-B711-B917CBFF00D2}.Release|x86.Build.0 = Release|Any CPU
		{B296D84B-63D6-4D72-A6F4-A166F37F5546}.Debug|Any CPU.ActiveCfg = Debug|Any CPU
		{B296D84B-63D6-4D72-A6F4-A166F37F5546}.Debug|Any CPU.Build.0 = Debug|Any CPU
		{B296D84B-63D6-4D72-A6F4-A166F37F5546}.Debug|x64.ActiveCfg = Debug|Any CPU
		{B296D84B-63D6-4D72-A6F4-A166F37F5546}.Debug|x64.Build.0 = Debug|Any CPU
		{B296D84B-63D6-4D72-A6F4-A166F37F5546}.Debug|x86.ActiveCfg = Debug|Any CPU
		{B296D84B-63D6-4D72-A6F4-A166F37F5546}.Debug|x86.Build.0 = Debug|Any CPU
		{B296D84B-63D6-4D72-A6F4-A166F37F5546}.Release|Any CPU.ActiveCfg = Release|Any CPU
		{B296D84B-63D6-4D72-A6F4-A166F37F5546}.Release|Any CPU.Build.0 = Release|Any CPU
		{B296D84B-63D6-4D72-A6F4-A166F37F5546}.Release|x64.ActiveCfg = Release|Any CPU
		{B296D84B-63D6-4D72-A6F4-A166F37F5546}.Release|x64.Build.0 = Release|Any CPU
		{B296D84B-63D6-4D72-A6F4-A166F37F5546}.Release|x86.ActiveCfg = Release|Any CPU
		{B296D84B-63D6-4D72-A6F4-A166F37F5546}.Release|x86.Build.0 = Release|Any CPU
		{5B502E7A-78F0-4472-9464-155F2730FDB0}.Debug|Any CPU.ActiveCfg = Debug|Any CPU
		{5B502E7A-78F0-4472-9464-155F2730FDB0}.Debug|Any CPU.Build.0 = Debug|Any CPU
		{5B502E7A-78F0-4472-9464-155F2730FDB0}.Debug|x64.ActiveCfg = Debug|Any CPU
		{5B502E7A-78F0-4472-9464-155F2730FDB0}.Debug|x64.Build.0 = Debug|Any CPU
		{5B502E7A-78F0-4472-9464-155F2730FDB0}.Debug|x86.ActiveCfg = Debug|Any CPU
		{5B502E7A-78F0-4472-9464-155F2730FDB0}.Debug|x86.Build.0 = Debug|Any CPU
		{5B502E7A-78F0-4472-9464-155F2730FDB0}.Release|Any CPU.ActiveCfg = Release|Any CPU
		{5B502E7A-78F0-4472-9464-155F2730FDB0}.Release|Any CPU.Build.0 = Release|Any CPU
		{5B502E7A-78F0-4472-9464-155F2730FDB0}.Release|x64.ActiveCfg = Release|Any CPU
		{5B502E7A-78F0-4472-9464-155F2730FDB0}.Release|x64.Build.0 = Release|Any CPU
		{5B502E7A-78F0-4472-9464-155F2730FDB0}.Release|x86.ActiveCfg = Release|Any CPU
		{5B502E7A-78F0-4472-9464-155F2730FDB0}.Release|x86.Build.0 = Release|Any CPU
		{8D292365-BE67-4C42-BB4F-5AC407E15B42}.Debug|Any CPU.ActiveCfg = Debug|Any CPU
		{8D292365-BE67-4C42-BB4F-5AC407E15B42}.Debug|Any CPU.Build.0 = Debug|Any CPU
		{8D292365-BE67-4C42-BB4F-5AC407E15B42}.Debug|x64.ActiveCfg = Debug|Any CPU
		{8D292365-BE67-4C42-BB4F-5AC407E15B42}.Debug|x64.Build.0 = Debug|Any CPU
		{8D292365-BE67-4C42-BB4F-5AC407E15B42}.Debug|x86.ActiveCfg = Debug|Any CPU
		{8D292365-BE67-4C42-BB4F-5AC407E15B42}.Debug|x86.Build.0 = Debug|Any CPU
		{8D292365-BE67-4C42-BB4F-5AC407E15B42}.Release|Any CPU.ActiveCfg = Release|Any CPU
		{8D292365-BE67-4C42-BB4F-5AC407E15B42}.Release|Any CPU.Build.0 = Release|Any CPU
		{8D292365-BE67-4C42-BB4F-5AC407E15B42}.Release|x64.ActiveCfg = Release|Any CPU
		{8D292365-BE67-4C42-BB4F-5AC407E15B42}.Release|x64.Build.0 = Release|Any CPU
		{8D292365-BE67-4C42-BB4F-5AC407E15B42}.Release|x86.ActiveCfg = Release|Any CPU
		{8D292365-BE67-4C42-BB4F-5AC407E15B42}.Release|x86.Build.0 = Release|Any CPU
	EndGlobalSection
EndGlobal
